
Microsoft Visual Studio Solution File, Format Version 12.00
# Visual Studio 15
VisualStudioVersion = 15.0.28307.421
MinimumVisualStudioVersion = 10.0.40219.1
Project("{FAE04EC0-301F-11D3-BF4B-00C04F79EFBC}") = "SoalKe-1", "SoalKe-1\SoalKe-1.csproj", "{64D0CB74-9D57-41FD-917A-F536FF47A9A6}"
EndProject
Global
	GlobalSection(SolutionConfigurationPlatforms) = preSolution
		Debug|Any CPU = Debug|Any CPU
		Release|Any CPU = Release|Any CPU
	EndGlobalSection
	GlobalSection(ProjectConfigurationPlatforms) = postSolution
		{64D0CB74-9D57-41FD-917A-F536FF47A9A6}.Debug|Any CPU.ActiveCfg = Debug|Any CPU
		{64D0CB74-9D57-41FD-917A-F536FF47A9A6}.Debug|Any CPU.Build.0 = Debug|Any CPU
		{64D0CB74-9D57-41FD-917A-F536FF47A9A6}.Release|Any CPU.ActiveCfg = Release|Any CPU
		{64D0CB74-9D57-41FD-917A-F536FF47A9A6}.Release|Any CPU.Build.0 = Release|Any CPU
	EndGlobalSection
	GlobalSection(SolutionProperties) = preSolution
		HideSolutionNode = FALSE
	EndGlobalSection
	GlobalSection(ExtensibilityGlobals) = postSolution
		SolutionGuid = {D5F0E93A-9A23-4FA1-84BD-B5E312F9E507}
	EndGlobalSection
EndGlobal
